
Microsoft Visual Studio Solution File, Format Version 12.00
# Visual Studio Version 16
VisualStudioVersion = 17.0.31611.283
MinimumVisualStudioVersion = 10.0.40219.1
Project("{9A19103F-16F7-4668-BE54-9A1E7A4F7556}") = "Vocappulary", "Vocappulary\Vocappulary.csproj", "{0E70AF51-C1C9-4CE7-9727-26E6B45232BB}"
EndProject
Project("{FAE04EC0-301F-11D3-BF4B-00C04F79EFBC}") = "Vocappulary.Tests.Unit", "Vocappulary.Tests.Unit\Vocappulary.Tests.Unit.csproj", "{09C0C22D-0650-4BC1-B051-A64C90274FD6}"
EndProject
Project("{FAE04EC0-301F-11D3-BF4B-00C04F79EFBC}") = "Vocappulary.Persistence.Data", "Vocappulary.Persistence.Data\Vocappulary.Persistence.Data.csproj", "{4EC1851E-36C3-4996-AAC9-C118BDC82098}"
EndProject
Project("{FAE04EC0-301F-11D3-BF4B-00C04F79EFBC}") = "Vocappulary.Persistence.Services", "Vocappulary.Persistence.Services\Vocappulary.Persistence.Services.csproj", "{3B22AC2C-BE78-4D2C-B281-9B5C66321231}"
EndProject
Global
	GlobalSection(SolutionConfigurationPlatforms) = preSolution
		Debug|Any CPU = Debug|Any CPU
		Release|Any CPU = Release|Any CPU
	EndGlobalSection
	GlobalSection(ProjectConfigurationPlatforms) = postSolution
		{0E70AF51-C1C9-4CE7-9727-26E6B45232BB}.Debug|Any CPU.ActiveCfg = Debug|Any CPU
		{0E70AF51-C1C9-4CE7-9727-26E6B45232BB}.Debug|Any CPU.Build.0 = Debug|Any CPU
		{0E70AF51-C1C9-4CE7-9727-26E6B45232BB}.Debug|Any CPU.Deploy.0 = Debug|Any CPU
		{0E70AF51-C1C9-4CE7-9727-26E6B45232BB}.Release|Any CPU.ActiveCfg = Release|Any CPU
		{0E70AF51-C1C9-4CE7-9727-26E6B45232BB}.Release|Any CPU.Build.0 = Release|Any CPU
		{0E70AF51-C1C9-4CE7-9727-26E6B45232BB}.Release|Any CPU.Deploy.0 = Release|Any CPU
		{09C0C22D-0650-4BC1-B051-A64C90274FD6}.Debug|Any CPU.ActiveCfg = Debug|Any CPU
		{09C0C22D-0650-4BC1-B051-A64C90274FD6}.Debug|Any CPU.Build.0 = Debug|Any CPU
		{09C0C22D-0650-4BC1-B051-A64C90274FD6}.Release|Any CPU.ActiveCfg = Release|Any CPU
		{09C0C22D-0650-4BC1-B051-A64C90274FD6}.Release|Any CPU.Build.0 = Release|Any CPU
		{4EC1851E-36C3-4996-AAC9-C118BDC82098}.Debug|Any CPU.ActiveCfg = Debug|Any CPU
		{4EC1851E-36C3-4996-AAC9-C118BDC82098}.Debug|Any CPU.Build.0 = Debug|Any CPU
		{4EC1851E-36C3-4996-AAC9-C118BDC82098}.Release|Any CPU.ActiveCfg = Release|Any CPU
		{4EC1851E-36C3-4996-AAC9-C118BDC82098}.Release|Any CPU.Build.0 = Release|Any CPU
		{3B22AC2C-BE78-4D2C-B281-9B5C66321231}.Debug|Any CPU.ActiveCfg = Debug|Any CPU
		{3B22AC2C-BE78-4D2C-B281-9B5C66321231}.Debug|Any CPU.Build.0 = Debug|Any CPU
		{3B22AC2C-BE78-4D2C-B281-9B5C66321231}.Release|Any CPU.ActiveCfg = Release|Any CPU
		{3B22AC2C-BE78-4D2C-B281-9B5C66321231}.Release|Any CPU.Build.0 = Release|Any CPU
	EndGlobalSection
	GlobalSection(SolutionProperties) = preSolution
		HideSolutionNode = FALSE
	EndGlobalSection
	GlobalSection(ExtensibilityGlobals) = postSolution
		SolutionGuid = {61F7FB11-1E47-470C-91E2-47F8143E1572}
	EndGlobalSection
EndGlobal
